// !$*UTF8*$!
{
	archiveVersion = 1;
	classes = {
	};
	objectVersion = 56;
	objects = {

/* Begin PBXBuildFile section */
		0473CCAA299031A000A2B0DC /* AppDelegate.swift in Sources */ = {isa = PBXBuildFile; fileRef = 0473CCA9299031A000A2B0DC /* AppDelegate.swift */; };
		0473CCAC299031A000A2B0DC /* SceneDelegate.swift in Sources */ = {isa = PBXBuildFile; fileRef = 0473CCAB299031A000A2B0DC /* SceneDelegate.swift */; };
		0473CCAE299031A000A2B0DC /* LoginViewController.swift in Sources */ = {isa = PBXBuildFile; fileRef = 0473CCAD299031A000A2B0DC /* LoginViewController.swift */; };
		0473CCB3299031A300A2B0DC /* Assets.xcassets in Resources */ = {isa = PBXBuildFile; fileRef = 0473CCB2299031A300A2B0DC /* Assets.xcassets */; };
		0473CCB6299031A300A2B0DC /* LaunchScreen.storyboard in Resources */ = {isa = PBXBuildFile; fileRef = 0473CCB4299031A300A2B0DC /* LaunchScreen.storyboard */; };
		0473CCBE2990371A00A2B0DC /* WelcomeViewController.swift in Sources */ = {isa = PBXBuildFile; fileRef = 0473CCBD2990371A00A2B0DC /* WelcomeViewController.swift */; };
		0473CCC02990372D00A2B0DC /* UserInfoViewController.swift in Sources */ = {isa = PBXBuildFile; fileRef = 0473CCBF2990372D00A2B0DC /* UserInfoViewController.swift */; };
		0473CCC22990374A00A2B0DC /* MoreDetailsViewController.swift in Sources */ = {isa = PBXBuildFile; fileRef = 0473CCC12990374A00A2B0DC /* MoreDetailsViewController.swift */; };
		0473CCC42990375C00A2B0DC /* UserModel.swift in Sources */ = {isa = PBXBuildFile; fileRef = 0473CCC32990375C00A2B0DC /* UserModel.swift */; };
		048451232992AC8A00863CA8 /* LoginViewModel.swift in Sources */ = {isa = PBXBuildFile; fileRef = 048451222992AC8A00863CA8 /* LoginViewModel.swift */; };
		048451262992ACB200863CA8 /* WelcomeViewModel.swift in Sources */ = {isa = PBXBuildFile; fileRef = 048451252992ACB200863CA8 /* WelcomeViewModel.swift */; };
		048451292992ACD400863CA8 /* UserInfoViewModel.swift in Sources */ = {isa = PBXBuildFile; fileRef = 048451282992ACD400863CA8 /* UserInfoViewModel.swift */; };
		0484512C2992ACFA00863CA8 /* MoreDetailsViewModel.swift in Sources */ = {isa = PBXBuildFile; fileRef = 0484512B2992ACFA00863CA8 /* MoreDetailsViewModel.swift */; };
		AE888C34299BFFA400A02A36 /* ViewModel.swift in Sources */ = {isa = PBXBuildFile; fileRef = AE888C33299BFFA400A02A36 /* ViewModel.swift */; };
/* End PBXBuildFile section */

/* Begin PBXFileReference section */
		0473CCA6299031A000A2B0DC /* LoginWithoutStoryboards4.app */ = {isa = PBXFileReference; explicitFileType = wrapper.application; includeInIndex = 0; path = LoginWithoutStoryboards4.app; sourceTree = BUILT_PRODUCTS_DIR; };
		0473CCA9299031A000A2B0DC /* AppDelegate.swift */ = {isa = PBXFileReference; lastKnownFileType = sourcecode.swift; path = AppDelegate.swift; sourceTree = "<group>"; };
		0473CCAB299031A000A2B0DC /* SceneDelegate.swift */ = {isa = PBXFileReference; lastKnownFileType = sourcecode.swift; path = SceneDelegate.swift; sourceTree = "<group>"; };
		0473CCAD299031A000A2B0DC /* LoginViewController.swift */ = {isa = PBXFileReference; lastKnownFileType = sourcecode.swift; path = LoginViewController.swift; sourceTree = "<group>"; };
		0473CCB2299031A300A2B0DC /* Assets.xcassets */ = {isa = PBXFileReference; lastKnownFileType = folder.assetcatalog; path = Assets.xcassets; sourceTree = "<group>"; };
		0473CCB5299031A300A2B0DC /* Base */ = {isa = PBXFileReference; lastKnownFileType = file.storyboard; name = Base; path = Base.lproj/LaunchScreen.storyboard; sourceTree = "<group>"; };
		0473CCB7299031A300A2B0DC /* Info.plist */ = {isa = PBXFileReference; lastKnownFileType = text.plist.xml; path = Info.plist; sourceTree = "<group>"; };
		0473CCBD2990371A00A2B0DC /* WelcomeViewController.swift */ = {isa = PBXFileReference; lastKnownFileType = sourcecode.swift; path = WelcomeViewController.swift; sourceTree = "<group>"; };
		0473CCBF2990372D00A2B0DC /* UserInfoViewController.swift */ = {isa = PBXFileReference; lastKnownFileType = sourcecode.swift; path = UserInfoViewController.swift; sourceTree = "<group>"; };
		0473CCC12990374A00A2B0DC /* MoreDetailsViewController.swift */ = {isa = PBXFileReference; lastKnownFileType = sourcecode.swift; path = MoreDetailsViewController.swift; sourceTree = "<group>"; };
		0473CCC32990375C00A2B0DC /* UserModel.swift */ = {isa = PBXFileReference; lastKnownFileType = sourcecode.swift; path = UserModel.swift; sourceTree = "<group>"; };
		048451222992AC8A00863CA8 /* LoginViewModel.swift */ = {isa = PBXFileReference; lastKnownFileType = sourcecode.swift; path = LoginViewModel.swift; sourceTree = "<group>"; };
		048451252992ACB200863CA8 /* WelcomeViewModel.swift */ = {isa = PBXFileReference; lastKnownFileType = sourcecode.swift; path = WelcomeViewModel.swift; sourceTree = "<group>"; };
		048451282992ACD400863CA8 /* UserInfoViewModel.swift */ = {isa = PBXFileReference; lastKnownFileType = sourcecode.swift; path = UserInfoViewModel.swift; sourceTree = "<group>"; };
		0484512B2992ACFA00863CA8 /* MoreDetailsViewModel.swift */ = {isa = PBXFileReference; lastKnownFileType = sourcecode.swift; path = MoreDetailsViewModel.swift; sourceTree = "<group>"; };
		AE888C33299BFFA400A02A36 /* ViewModel.swift */ = {isa = PBXFileReference; lastKnownFileType = sourcecode.swift; path = ViewModel.swift; sourceTree = "<group>"; };
/* End PBXFileReference section */

/* Begin PBXFrameworksBuildPhase section */
		0473CCA3299031A000A2B0DC /* Frameworks */ = {
			isa = PBXFrameworksBuildPhase;
			buildActionMask = 2147483647;
			files = (
			);
			runOnlyForDeploymentPostprocessing = 0;
		};
/* End PBXFrameworksBuildPhase section */

/* Begin PBXGroup section */
		0473CC9D299031A000A2B0DC = {
			isa = PBXGroup;
			children = (
				0473CCA8299031A000A2B0DC /* LoginWithoutStoryboards4 */,
				0473CCA7299031A000A2B0DC /* Products */,
			);
			sourceTree = "<group>";
		};
		0473CCA7299031A000A2B0DC /* Products */ = {
			isa = PBXGroup;
			children = (
				0473CCA6299031A000A2B0DC /* LoginWithoutStoryboards4.app */,
			);
			name = Products;
			sourceTree = "<group>";
		};
		0473CCA8299031A000A2B0DC /* LoginWithoutStoryboards4 */ = {
			isa = PBXGroup;
			children = (
				0473CCA9299031A000A2B0DC /* AppDelegate.swift */,
				0473CCAB299031A000A2B0DC /* SceneDelegate.swift */,
				AE888C33299BFFA400A02A36 /* ViewModel.swift */,
				048451212992AC6700863CA8 /* Login */,
				048451242992AC9400863CA8 /* Welcome */,
				048451272992ACBA00863CA8 /* UserInfo */,
				0484512A2992ACDD00863CA8 /* MoreDetails */,
				048451202992AC4200863CA8 /* Models */,
				0473CCB2299031A300A2B0DC /* Assets.xcassets */,
				0473CCB4299031A300A2B0DC /* LaunchScreen.storyboard */,
				0473CCB7299031A300A2B0DC /* Info.plist */,
			);
			path = LoginWithoutStoryboards4;
			sourceTree = "<group>";
		};
		048451202992AC4200863CA8 /* Models */ = {
			isa = PBXGroup;
			children = (
				0473CCC32990375C00A2B0DC /* UserModel.swift */,
			);
			path = Models;
			sourceTree = "<group>";
		};
		048451212992AC6700863CA8 /* Login */ = {
			isa = PBXGroup;
			children = (
				0473CCAD299031A000A2B0DC /* LoginViewController.swift */,
				048451222992AC8A00863CA8 /* LoginViewModel.swift */,
			);
			path = Login;
			sourceTree = "<group>";
		};
		048451242992AC9400863CA8 /* Welcome */ = {
			isa = PBXGroup;
			children = (
				0473CCBD2990371A00A2B0DC /* WelcomeViewController.swift */,
				048451252992ACB200863CA8 /* WelcomeViewModel.swift */,
			);
			path = Welcome;
			sourceTree = "<group>";
		};
		048451272992ACBA00863CA8 /* UserInfo */ = {
			isa = PBXGroup;
			children = (
				0473CCBF2990372D00A2B0DC /* UserInfoViewController.swift */,
				048451282992ACD400863CA8 /* UserInfoViewModel.swift */,
			);
			path = UserInfo;
			sourceTree = "<group>";
		};
		0484512A2992ACDD00863CA8 /* MoreDetails */ = {
			isa = PBXGroup;
			children = (
				0473CCC12990374A00A2B0DC /* MoreDetailsViewController.swift */,
				0484512B2992ACFA00863CA8 /* MoreDetailsViewModel.swift */,
			);
			path = MoreDetails;
			sourceTree = "<group>";
		};
/* End PBXGroup section */

/* Begin PBXNativeTarget section */
		0473CCA5299031A000A2B0DC /* LoginWithoutStoryboards4 */ = {
			isa = PBXNativeTarget;
			buildConfigurationList = 0473CCBA299031A300A2B0DC /* Build configuration list for PBXNativeTarget "LoginWithoutStoryboards4" */;
			buildPhases = (
				0473CCA2299031A000A2B0DC /* Sources */,
				0473CCA3299031A000A2B0DC /* Frameworks */,
				0473CCA4299031A000A2B0DC /* Resources */,
			);
			buildRules = (
			);
			dependencies = (
			);
			name = LoginWithoutStoryboards4;
			productName = LoginWithoutStoryboards4;
			productReference = 0473CCA6299031A000A2B0DC /* LoginWithoutStoryboards4.app */;
			productType = "com.apple.product-type.application";
		};
/* End PBXNativeTarget section */

/* Begin PBXProject section */
		0473CC9E299031A000A2B0DC /* Project object */ = {
			isa = PBXProject;
			attributes = {
				BuildIndependentTargetsInParallel = 1;
				LastSwiftUpdateCheck = 1420;
				LastUpgradeCheck = 1420;
				TargetAttributes = {
					0473CCA5299031A000A2B0DC = {
						CreatedOnToolsVersion = 14.2;
					};
				};
			};
			buildConfigurationList = 0473CCA1299031A000A2B0DC /* Build configuration list for PBXProject "LoginWithoutStoryboards4" */;
			compatibilityVersion = "Xcode 14.0";
			developmentRegion = en;
			hasScannedForEncodings = 0;
			knownRegions = (
				en,
				Base,
			);
			mainGroup = 0473CC9D299031A000A2B0DC;
			productRefGroup = 0473CCA7299031A000A2B0DC /* Products */;
			projectDirPath = "";
			projectRoot = "";
			targets = (
				0473CCA5299031A000A2B0DC /* LoginWithoutStoryboards4 */,
			);
		};
/* End PBXProject section */

/* Begin PBXResourcesBuildPhase section */
		0473CCA4299031A000A2B0DC /* Resources */ = {
			isa = PBXResourcesBuildPhase;
			buildActionMask = 2147483647;
			files = (
				0473CCB6299031A300A2B0DC /* LaunchScreen.storyboard in Resources */,
				0473CCB3299031A300A2B0DC /* Assets.xcassets in Resources */,
			);
			runOnlyForDeploymentPostprocessing = 0;
		};
/* End PBXResourcesBuildPhase section */

/* Begin PBXSourcesBuildPhase section */
		0473CCA2299031A000A2B0DC /* Sources */ = {
			isa = PBXSourcesBuildPhase;
			buildActionMask = 2147483647;
			files = (
				0473CCC22990374A00A2B0DC /* MoreDetailsViewController.swift in Sources */,
				0484512C2992ACFA00863CA8 /* MoreDetailsViewModel.swift in Sources */,
				048451262992ACB200863CA8 /* WelcomeViewModel.swift in Sources */,
				0473CCC42990375C00A2B0DC /* UserModel.swift in Sources */,
				0473CCAE299031A000A2B0DC /* LoginViewController.swift in Sources */,
				0473CCBE2990371A00A2B0DC /* WelcomeViewController.swift in Sources */,
				048451232992AC8A00863CA8 /* LoginViewModel.swift in Sources */,
				0473CCC02990372D00A2B0DC /* UserInfoViewController.swift in Sources */,
				048451292992ACD400863CA8 /* UserInfoViewModel.swift in Sources */,
				0473CCAA299031A000A2B0DC /* AppDelegate.swift in Sources */,
				AE888C34299BFFA400A02A36 /* ViewModel.swift in Sources */,
				0473CCAC299031A000A2B0DC /* SceneDelegate.swift in Sources */,
			);
			runOnlyForDeploymentPostprocessing = 0;
		};
/* End PBXSourcesBuildPhase section */

/* Begin PBXVariantGroup section */
		0473CCB4299031A300A2B0DC /* LaunchScreen.storyboard */ = {
			isa = PBXVariantGroup;
			children = (
				0473CCB5299031A300A2B0DC /* Base */,
			);
			name = LaunchScreen.storyboard;
			sourceTree = "<group>";
		};
/* End PBXVariantGroup section */

/* Begin XCBuildConfiguration section */
		0473CCB8299031A300A2B0DC /* Debug */ = {
			isa = XCBuildConfiguration;
			buildSettings = {
				ALWAYS_SEARCH_USER_PATHS = NO;
				CLANG_ANALYZER_NONNULL = YES;
				CLANG_ANALYZER_NUMBER_OBJECT_CONVERSION = YES_AGGRESSIVE;
				CLANG_CXX_LANGUAGE_STANDARD = "gnu++20";
				CLANG_ENABLE_MODULES = YES;
				CLANG_ENABLE_OBJC_ARC = YES;
				CLANG_ENABLE_OBJC_WEAK = YES;
				CLANG_WARN_BLOCK_CAPTURE_AUTORELEASING = YES;
				CLANG_WARN_BOOL_CONVERSION = YES;
				CLANG_WARN_COMMA = YES;
				CLANG_WARN_CONSTANT_CONVERSION = YES;
				CLANG_WARN_DEPRECATED_OBJC_IMPLEMENTATIONS = YES;
				CLANG_WARN_DIRECT_OBJC_ISA_USAGE = YES_ERROR;
				CLANG_WARN_DOCUMENTATION_COMMENTS = YES;
				CLANG_WARN_EMPTY_BODY = YES;
				CLANG_WARN_ENUM_CONVERSION = YES;
				CLANG_WARN_INFINITE_RECURSION = YES;
				CLANG_WARN_INT_CONVERSION = YES;
				CLANG_WARN_NON_LITERAL_NULL_CONVERSION = YES;
				CLANG_WARN_OBJC_IMPLICIT_RETAIN_SELF = YES;
				CLANG_WARN_OBJC_LITERAL_CONVERSION = YES;
				CLANG_WARN_OBJC_ROOT_CLASS = YES_ERROR;
				CLANG_WARN_QUOTED_INCLUDE_IN_FRAMEWORK_HEADER = YES;
				CLANG_WARN_RANGE_LOOP_ANALYSIS = YES;
				CLANG_WARN_STRICT_PROTOTYPES = YES;
				CLANG_WARN_SUSPICIOUS_MOVE = YES;
				CLANG_WARN_UNGUARDED_AVAILABILITY = YES_AGGRESSIVE;
				CLANG_WARN_UNREACHABLE_CODE = YES;
				CLANG_WARN__DUPLICATE_METHOD_MATCH = YES;
				COPY_PHASE_STRIP = NO;
				DEBUG_INFORMATION_FORMAT = dwarf;
				ENABLE_STRICT_OBJC_MSGSEND = YES;
				ENABLE_TESTABILITY = YES;
				GCC_C_LANGUAGE_STANDARD = gnu11;
				GCC_DYNAMIC_NO_PIC = NO;
				GCC_NO_COMMON_BLOCKS = YES;
				GCC_OPTIMIZATION_LEVEL = 0;
				GCC_PREPROCESSOR_DEFINITIONS = (
					"DEBUG=1",
					"$(inherited)",
				);
				GCC_WARN_64_TO_32_BIT_CONVERSION = YES;
				GCC_WARN_ABOUT_RETURN_TYPE = YES_ERROR;
				GCC_WARN_UNDECLARED_SELECTOR = YES;
				GCC_WARN_UNINITIALIZED_AUTOS = YES_AGGRESSIVE;
				GCC_WARN_UNUSED_FUNCTION = YES;
				GCC_WARN_UNUSED_VARIABLE = YES;
				IPHONEOS_DEPLOYMENT_TARGET = 16.2;
				MTL_ENABLE_DEBUG_INFO = INCLUDE_SOURCE;
				MTL_FAST_MATH = YES;
				ONLY_ACTIVE_ARCH = YES;
				SDKROOT = iphoneos;
				SWIFT_ACTIVE_COMPILATION_CONDITIONS = DEBUG;
				SWIFT_OPTIMIZATION_LEVEL = "-Onone";
			};
			name = Debug;
		};
		0473CCB9299031A300A2B0DC /* Release */ = {
			isa = XCBuildConfiguration;
			buildSettings = {
				ALWAYS_SEARCH_USER_PATHS = NO;
				CLANG_ANALYZER_NONNULL = YES;
				CLANG_ANALYZER_NUMBER_OBJECT_CONVERSION = YES_AGGRESSIVE;
				CLANG_CXX_LANGUAGE_STANDARD = "gnu++20";
				CLANG_ENABLE_MODULES = YES;
				CLANG_ENABLE_OBJC_ARC = YES;
				CLANG_ENABLE_OBJC_WEAK = YES;
				CLANG_WARN_BLOCK_CAPTURE_AUTORELEASING = YES;
				CLANG_WARN_BOOL_CONVERSION = YES;
				CLANG_WARN_COMMA = YES;
				CLANG_WARN_CONSTANT_CONVERSION = YES;
				CLANG_WARN_DEPRECATED_OBJC_IMPLEMENTATIONS = YES;
				CLANG_WARN_DIRECT_OBJC_ISA_USAGE = YES_ERROR;
				CLANG_WARN_DOCUMENTATION_COMMENTS = YES;
				CLANG_WARN_EMPTY_BODY = YES;
				CLANG_WARN_ENUM_CONVERSION = YES;
				CLANG_WARN_INFINITE_RECURSION = YES;
				CLANG_WARN_INT_CONVERSION = YES;
				CLANG_WARN_NON_LITERAL_NULL_CONVERSION = YES;
				CLANG_WARN_OBJC_IMPLICIT_RETAIN_SELF = YES;
				CLANG_WARN_OBJC_LITERAL_CONVERSION = YES;
				CLANG_WARN_OBJC_ROOT_CLASS = YES_ERROR;
				CLANG_WARN_QUOTED_INCLUDE_IN_FRAMEWORK_HEADER = YES;
				CLANG_WARN_RANGE_LOOP_ANALYSIS = YES;
				CLANG_WARN_STRICT_PROTOTYPES = YES;
				CLANG_WARN_SUSPICIOUS_MOVE = YES;
				CLANG_WARN_UNGUARDED_AVAILABILITY = YES_AGGRESSIVE;
				CLANG_WARN_UNREACHABLE_CODE = YES;
				CLANG_WARN__DUPLICATE_METHOD_MATCH = YES;
				COPY_PHASE_STRIP = NO;
				DEBUG_INFORMATION_FORMAT = "dwarf-with-dsym";
				ENABLE_NS_ASSERTIONS = NO;
				ENABLE_STRICT_OBJC_MSGSEND = YES;
				GCC_C_LANGUAGE_STANDARD = gnu11;
				GCC_NO_COMMON_BLOCKS = YES;
				GCC_WARN_64_TO_32_BIT_CONVERSION = YES;
				GCC_WARN_ABOUT_RETURN_TYPE = YES_ERROR;
				GCC_WARN_UNDECLARED_SELECTOR = YES;
				GCC_WARN_UNINITIALIZED_AUTOS = YES_AGGRESSIVE;
				GCC_WARN_UNUSED_FUNCTION = YES;
				GCC_WARN_UNUSED_VARIABLE = YES;
				IPHONEOS_DEPLOYMENT_TARGET = 16.2;
				MTL_ENABLE_DEBUG_INFO = NO;
				MTL_FAST_MATH = YES;
				SDKROOT = iphoneos;
				SWIFT_COMPILATION_MODE = wholemodule;
				SWIFT_OPTIMIZATION_LEVEL = "-O";
				VALIDATE_PRODUCT = YES;
			};
			name = Release;
		};
		0473CCBB299031A300A2B0DC /* Debug */ = {
			isa = XCBuildConfiguration;
			buildSettings = {
				ASSETCATALOG_COMPILER_APPICON_NAME = AppIcon;
				ASSETCATALOG_COMPILER_GLOBAL_ACCENT_COLOR_NAME = AccentColor;
				CODE_SIGN_STYLE = Automatic;
				CURRENT_PROJECT_VERSION = 1;
				DEVELOPMENT_TEAM = KGB5T28U9V;
				GENERATE_INFOPLIST_FILE = YES;
				INFOPLIST_FILE = LoginWithoutStoryboards4/Info.plist;
				INFOPLIST_KEY_UIApplicationSupportsIndirectInputEvents = YES;
				INFOPLIST_KEY_UILaunchStoryboardName = LaunchScreen;
				INFOPLIST_KEY_UISupportedInterfaceOrientations_iPad = "UIInterfaceOrientationPortrait UIInterfaceOrientationPortraitUpsideDown UIInterfaceOrientationLandscapeLeft UIInterfaceOrientationLandscapeRight";
				INFOPLIST_KEY_UISupportedInterfaceOrientations_iPhone = "UIInterfaceOrientationPortrait UIInterfaceOrientationLandscapeLeft UIInterfaceOrientationLandscapeRight";
				IPHONEOS_DEPLOYMENT_TARGET = 16.0;
				LD_RUNPATH_SEARCH_PATHS = (
					"$(inherited)",
					"@executable_path/Frameworks",
				);
				MARKETING_VERSION = 1.0;
				PRODUCT_BUNDLE_IDENTIFIER = Seneca242.LoginWithoutStoryboards4;
				PRODUCT_NAME = "$(TARGET_NAME)";
				SWIFT_EMIT_LOC_STRINGS = YES;
				SWIFT_VERSION = 5.0;
				TARGETED_DEVICE_FAMILY = "1,2";
			};
			name = Debug;
		};
		0473CCBC299031A300A2B0DC /* Release */ = {
			isa = XCBuildConfiguration;
			buildSettings = {
				ASSETCATALOG_COMPILER_APPICON_NAME = AppIcon;
				ASSETCATALOG_COMPILER_GLOBAL_ACCENT_COLOR_NAME = AccentColor;
				CODE_SIGN_STYLE = Automatic;
				CURRENT_PROJECT_VERSION = 1;
				DEVELOPMENT_TEAM = KGB5T28U9V;
				GENERATE_INFOPLIST_FILE = YES;
				INFOPLIST_FILE = LoginWithoutStoryboards4/Info.plist;
				INFOPLIST_KEY_UIApplicationSupportsIndirectInputEvents = YES;
				INFOPLIST_KEY_UILaunchStoryboardName = LaunchScreen;
				INFOPLIST_KEY_UISupportedInterfaceOrientations_iPad = "UIInterfaceOrientationPortrait UIInterfaceOrientationPortraitUpsideDown UIInterfaceOrientationLandscapeLeft UIInterfaceOrientationLandscapeRight";
				INFOPLIST_KEY_UISupportedInterfaceOrientations_iPhone = "UIInterfaceOrientationPortrait UIInterfaceOrientationLandscapeLeft UIInterfaceOrientationLandscapeRight";
				IPHONEOS_DEPLOYMENT_TARGET = 16.0;
				LD_RUNPATH_SEARCH_PATHS = (
					"$(inherited)",
					"@executable_path/Frameworks",
				);
				MARKETING_VERSION = 1.0;
				PRODUCT_BUNDLE_IDENTIFIER = Seneca242.LoginWithoutStoryboards4;
				PRODUCT_NAME = "$(TARGET_NAME)";
				SWIFT_EMIT_LOC_STRINGS = YES;
				SWIFT_VERSION = 5.0;
				TARGETED_DEVICE_FAMILY = "1,2";
			};
			name = Release;
		};
/* End XCBuildConfiguration section */

/* Begin XCConfigurationList section */
		0473CCA1299031A000A2B0DC /* Build configuration list for PBXProject "LoginWithoutStoryboards4" */ = {
			isa = XCConfigurationList;
			buildConfigurations = (
				0473CCB8299031A300A2B0DC /* Debug */,
				0473CCB9299031A300A2B0DC /* Release */,
			);
			defaultConfigurationIsVisible = 0;
			defaultConfigurationName = Release;
		};
		0473CCBA299031A300A2B0DC /* Build configuration list for PBXNativeTarget "LoginWithoutStoryboards4" */ = {
			isa = XCConfigurationList;
			buildConfigurations = (
				0473CCBB299031A300A2B0DC /* Debug */,
				0473CCBC299031A300A2B0DC /* Release */,
			);
			defaultConfigurationIsVisible = 0;
			defaultConfigurationName = Release;
		};
/* End XCConfigurationList section */
	};
	rootObject = 0473CC9E299031A000A2B0DC /* Project object */;
}
